// !$*UTF8*$!
{
	archiveVersion = 1;
	classes = {
	};
	objectVersion = 48;
	objects = {

/* Begin PBXBuildFile section */
		94DAE7051F97D55100B5E459 /* AppDelegate.swift in Sources */ = {isa = PBXBuildFile; fileRef = 94DAE7041F97D55100B5E459 /* AppDelegate.swift */; };
		94DAE7071F97D55100B5E459 /* MainViewController.swift in Sources */ = {isa = PBXBuildFile; fileRef = 94DAE7061F97D55100B5E459 /* MainViewController.swift */; };
		94DAE70A1F97D55100B5E459 /* Main.storyboard in Resources */ = {isa = PBXBuildFile; fileRef = 94DAE7081F97D55100B5E459 /* Main.storyboard */; };
		94DAE70C1F97D55100B5E459 /* Assets.xcassets in Resources */ = {isa = PBXBuildFile; fileRef = 94DAE70B1F97D55100B5E459 /* Assets.xcassets */; };
		94DAE70F1F97D55100B5E459 /* LaunchScreen.storyboard in Resources */ = {isa = PBXBuildFile; fileRef = 94DAE70D1F97D55100B5E459 /* LaunchScreen.storyboard */; };
		94DAE71A1F97D55200B5E459 /* RedditTests.swift in Sources */ = {isa = PBXBuildFile; fileRef = 94DAE7191F97D55200B5E459 /* RedditTests.swift */; };
		94DAE7251F97D55200B5E459 /* RedditUITests.swift in Sources */ = {isa = PBXBuildFile; fileRef = 94DAE7241F97D55200B5E459 /* RedditUITests.swift */; };
/* End PBXBuildFile section */

/* Begin PBXContainerItemProxy section */
		94DAE7161F97D55200B5E459 /* PBXContainerItemProxy */ = {
			isa = PBXContainerItemProxy;
			containerPortal = 94DAE6F91F97D55100B5E459 /* Project object */;
			proxyType = 1;
			remoteGlobalIDString = 94DAE7001F97D55100B5E459;
			remoteInfo = Reddit;
		};
		94DAE7211F97D55200B5E459 /* PBXContainerItemProxy */ = {
			isa = PBXContainerItemProxy;
			containerPortal = 94DAE6F91F97D55100B5E459 /* Project object */;
			proxyType = 1;
			remoteGlobalIDString = 94DAE7001F97D55100B5E459;
			remoteInfo = Reddit;
		};
/* End PBXContainerItemProxy section */

/* Begin PBXFileReference section */
		94DAE7011F97D55100B5E459 /* Reddit.app */ = {isa = PBXFileReference; explicitFileType = wrapper.application; includeInIndex = 0; path = Reddit.app; sourceTree = BUILT_PRODUCTS_DIR; };
		94DAE7041F97D55100B5E459 /* AppDelegate.swift */ = {isa = PBXFileReference; lastKnownFileType = sourcecode.swift; path = AppDelegate.swift; sourceTree = "<group>"; };
		94DAE7061F97D55100B5E459 /* MainViewController.swift */ = {isa = PBXFileReference; lastKnownFileType = sourcecode.swift; path = MainViewController.swift; sourceTree = "<group>"; };
		94DAE7091F97D55100B5E459 /* Base */ = {isa = PBXFileReference; lastKnownFileType = file.storyboard; name = Base; path = Base.lproj/Main.storyboard; sourceTree = "<group>"; };
		94DAE70B1F97D55100B5E459 /* Assets.xcassets */ = {isa = PBXFileReference; lastKnownFileType = folder.assetcatalog; path = Assets.xcassets; sourceTree = "<group>"; };
		94DAE70E1F97D55100B5E459 /* Base */ = {isa = PBXFileReference; lastKnownFileType = file.storyboard; name = Base; path = Base.lproj/LaunchScreen.storyboard; sourceTree = "<group>"; };
		94DAE7101F97D55100B5E459 /* Info.plist */ = {isa = PBXFileReference; lastKnownFileType = text.plist.xml; path = Info.plist; sourceTree = "<group>"; };
		94DAE7151F97D55200B5E459 /* RedditTests.xctest */ = {isa = PBXFileReference; explicitFileType = wrapper.cfbundle; includeInIndex = 0; path = RedditTests.xctest; sourceTree = BUILT_PRODUCTS_DIR; };
		94DAE7191F97D55200B5E459 /* RedditTests.swift */ = {isa = PBXFileReference; lastKnownFileType = sourcecode.swift; path = RedditTests.swift; sourceTree = "<group>"; };
		94DAE71B1F97D55200B5E459 /* Info.plist */ = {isa = PBXFileReference; lastKnownFileType = text.plist.xml; path = Info.plist; sourceTree = "<group>"; };
		94DAE7201F97D55200B5E459 /* RedditUITests.xctest */ = {isa = PBXFileReference; explicitFileType = wrapper.cfbundle; includeInIndex = 0; path = RedditUITests.xctest; sourceTree = BUILT_PRODUCTS_DIR; };
		94DAE7241F97D55200B5E459 /* RedditUITests.swift */ = {isa = PBXFileReference; lastKnownFileType = sourcecode.swift; path = RedditUITests.swift; sourceTree = "<group>"; };
		94DAE7261F97D55200B5E459 /* Info.plist */ = {isa = PBXFileReference; lastKnownFileType = text.plist.xml; path = Info.plist; sourceTree = "<group>"; };
/* End PBXFileReference section */

/* Begin PBXFrameworksBuildPhase section */
		94DAE6FE1F97D55100B5E459 /* Frameworks */ = {
			isa = PBXFrameworksBuildPhase;
			buildActionMask = 2147483647;
			files = (
			);
			runOnlyForDeploymentPostprocessing = 0;
		};
		94DAE7121F97D55200B5E459 /* Frameworks */ = {
			isa = PBXFrameworksBuildPhase;
			buildActionMask = 2147483647;
			files = (
			);
			runOnlyForDeploymentPostprocessing = 0;
		};
		94DAE71D1F97D55200B5E459 /* Frameworks */ = {
			isa = PBXFrameworksBuildPhase;
			buildActionMask = 2147483647;
			files = (
			);
			runOnlyForDeploymentPostprocessing = 0;
		};
/* End PBXFrameworksBuildPhase section */

/* Begin PBXGroup section */
		94DAE6F81F97D55100B5E459 = {
			isa = PBXGroup;
			children = (
				94DAE7031F97D55100B5E459 /* Reddit */,
				94DAE7181F97D55200B5E459 /* RedditTests */,
				94DAE7231F97D55200B5E459 /* RedditUITests */,
				94DAE7021F97D55100B5E459 /* Products */,
			);
			sourceTree = "<group>";
		};
		94DAE7021F97D55100B5E459 /* Products */ = {
			isa = PBXGroup;
			children = (
				94DAE7011F97D55100B5E459 /* Reddit.app */,
				94DAE7151F97D55200B5E459 /* RedditTests.xctest */,
				94DAE7201F97D55200B5E459 /* RedditUITests.xctest */,
			);
			name = Products;
			sourceTree = "<group>";
		};
		94DAE7031F97D55100B5E459 /* Reddit */ = {
			isa = PBXGroup;
			children = (
				94DAE7041F97D55100B5E459 /* AppDelegate.swift */,
				94DAE7061F97D55100B5E459 /* MainViewController.swift */,
				94DAE7081F97D55100B5E459 /* Main.storyboard */,
				94DAE70B1F97D55100B5E459 /* Assets.xcassets */,
				94DAE70D1F97D55100B5E459 /* LaunchScreen.storyboard */,
				94DAE7101F97D55100B5E459 /* Info.plist */,
			);
			path = Reddit;
			sourceTree = "<group>";
		};
		94DAE7181F97D55200B5E459 /* RedditTests */ = {
			isa = PBXGroup;
			children = (
				94DAE7191F97D55200B5E459 /* RedditTests.swift */,
				94DAE71B1F97D55200B5E459 /* Info.plist */,
			);
			path = RedditTests;
			sourceTree = "<group>";
		};
		94DAE7231F97D55200B5E459 /* RedditUITests */ = {
			isa = PBXGroup;
			children = (
				94DAE7241F97D55200B5E459 /* RedditUITests.swift */,
				94DAE7261F97D55200B5E459 /* Info.plist */,
			);
			path = RedditUITests;
			sourceTree = "<group>";
		};
/* End PBXGroup section */

/* Begin PBXNativeTarget section */
		94DAE7001F97D55100B5E459 /* Reddit */ = {
			isa = PBXNativeTarget;
			buildConfigurationList = 94DAE7291F97D55200B5E459 /* Build configuration list for PBXNativeTarget "Reddit" */;
			buildPhases = (
				94DAE6FD1F97D55100B5E459 /* Sources */,
				94DAE6FE1F97D55100B5E459 /* Frameworks */,
				94DAE6FF1F97D55100B5E459 /* Resources */,
			);
			buildRules = (
			);
			dependencies = (
			);
			name = Reddit;
			productName = Reddit;
			productReference = 94DAE7011F97D55100B5E459 /* Reddit.app */;
			productType = "com.apple.product-type.application";
		};
		94DAE7141F97D55200B5E459 /* RedditTests */ = {
			isa = PBXNativeTarget;
			buildConfigurationList = 94DAE72C1F97D55200B5E459 /* Build configuration list for PBXNativeTarget "RedditTests" */;
			buildPhases = (
				94DAE7111F97D55200B5E459 /* Sources */,
				94DAE7121F97D55200B5E459 /* Frameworks */,
				94DAE7131F97D55200B5E459 /* Resources */,
			);
			buildRules = (
			);
			dependencies = (
				94DAE7171F97D55200B5E459 /* PBXTargetDependency */,
			);
			name = RedditTests;
			productName = RedditTests;
			productReference = 94DAE7151F97D55200B5E459 /* RedditTests.xctest */;
			productType = "com.apple.product-type.bundle.unit-test";
		};
		94DAE71F1F97D55200B5E459 /* RedditUITests */ = {
			isa = PBXNativeTarget;
			buildConfigurationList = 94DAE72F1F97D55200B5E459 /* Build configuration list for PBXNativeTarget "RedditUITests" */;
			buildPhases = (
				94DAE71C1F97D55200B5E459 /* Sources */,
				94DAE71D1F97D55200B5E459 /* Frameworks */,
				94DAE71E1F97D55200B5E459 /* Resources */,
			);
			buildRules = (
			);
			dependencies = (
				94DAE7221F97D55200B5E459 /* PBXTargetDependency */,
			);
			name = RedditUITests;
			productName = RedditUITests;
			productReference = 94DAE7201F97D55200B5E459 /* RedditUITests.xctest */;
			productType = "com.apple.product-type.bundle.ui-testing";
		};
/* End PBXNativeTarget section */

/* Begin PBXProject section */
		94DAE6F91F97D55100B5E459 /* Project object */ = {
			isa = PBXProject;
			attributes = {
				LastSwiftUpdateCheck = 0900;
				LastUpgradeCheck = 0900;
				ORGANIZATIONNAME = "Ryan Nelwan";
				TargetAttributes = {
					94DAE7001F97D55100B5E459 = {
						CreatedOnToolsVersion = 9.0.1;
						ProvisioningStyle = Automatic;
					};
					94DAE7141F97D55200B5E459 = {
						CreatedOnToolsVersion = 9.0.1;
						ProvisioningStyle = Automatic;
						TestTargetID = 94DAE7001F97D55100B5E459;
					};
					94DAE71F1F97D55200B5E459 = {
						CreatedOnToolsVersion = 9.0.1;
						ProvisioningStyle = Automatic;
						TestTargetID = 94DAE7001F97D55100B5E459;
					};
				};
			};
			buildConfigurationList = 94DAE6FC1F97D55100B5E459 /* Build configuration list for PBXProject "Reddit" */;
			compatibilityVersion = "Xcode 8.0";
			developmentRegion = en;
			hasScannedForEncodings = 0;
			knownRegions = (
				en,
				Base,
			);
			mainGroup = 94DAE6F81F97D55100B5E459;
			productRefGroup = 94DAE7021F97D55100B5E459 /* Products */;
			projectDirPath = "";
			projectRoot = "";
			targets = (
				94DAE7001F97D55100B5E459 /* Reddit */,
				94DAE7141F97D55200B5E459 /* RedditTests */,
				94DAE71F1F97D55200B5E459 /* RedditUITests */,
			);
		};
/* End PBXProject section */

/* Begin PBXResourcesBuildPhase section */
		94DAE6FF1F97D55100B5E459 /* Resources */ = {
			isa = PBXResourcesBuildPhase;
			buildActionMask = 2147483647;
			files = (
				94DAE70F1F97D55100B5E459 /* LaunchScreen.storyboard in Resources */,
				94DAE70C1F97D55100B5E459 /* Assets.xcassets in Resources */,
				94DAE70A1F97D55100B5E459 /* Main.storyboard in Resources */,
			);
			runOnlyForDeploymentPostprocessing = 0;
		};
		94DAE7131F97D55200B5E459 /* Resources */ = {
			isa = PBXResourcesBuildPhase;
			buildActionMask = 2147483647;
			files = (
			);
			runOnlyForDeploymentPostprocessing = 0;
		};
		94DAE71E1F97D55200B5E459 /* Resources */ = {
			isa = PBXResourcesBuildPhase;
			buildActionMask = 2147483647;
			files = (
			);
			runOnlyForDeploymentPostprocessing = 0;
		};
/* End PBXResourcesBuildPhase section */

/* Begin PBXSourcesBuildPhase section */
		94DAE6FD1F97D55100B5E459 /* Sources */ = {
			isa = PBXSourcesBuildPhase;
			buildActionMask = 2147483647;
			files = (
				94DAE7071F97D55100B5E459 /* MainViewController.swift in Sources */,
				94DAE7051F97D55100B5E459 /* AppDelegate.swift in Sources */,
			);
			runOnlyForDeploymentPostprocessing = 0;
		};
		94DAE7111F97D55200B5E459 /* Sources */ = {
			isa = PBXSourcesBuildPhase;
			buildActionMask = 2147483647;
			files = (
				94DAE71A1F97D55200B5E459 /* RedditTests.swift in Sources */,
			);
			runOnlyForDeploymentPostprocessing = 0;
		};
		94DAE71C1F97D55200B5E459 /* Sources */ = {
			isa = PBXSourcesBuildPhase;
			buildActionMask = 2147483647;
			files = (
				94DAE7251F97D55200B5E459 /* RedditUITests.swift in Sources */,
			);
			runOnlyForDeploymentPostprocessing = 0;
		};
/* End PBXSourcesBuildPhase section */

/* Begin PBXTargetDependency section */
		94DAE7171F97D55200B5E459 /* PBXTargetDependency */ = {
			isa = PBXTargetDependency;
			target = 94DAE7001F97D55100B5E459 /* Reddit */;
			targetProxy = 94DAE7161F97D55200B5E459 /* PBXContainerItemProxy */;
		};
		94DAE7221F97D55200B5E459 /* PBXTargetDependency */ = {
			isa = PBXTargetDependency;
			target = 94DAE7001F97D55100B5E459 /* Reddit */;
			targetProxy = 94DAE7211F97D55200B5E459 /* PBXContainerItemProxy */;
		};
/* End PBXTargetDependency section */

/* Begin PBXVariantGroup section */
		94DAE7081F97D55100B5E459 /* Main.storyboard */ = {
			isa = PBXVariantGroup;
			children = (
				94DAE7091F97D55100B5E459 /* Base */,
			);
			name = Main.storyboard;
			sourceTree = "<group>";
		};
		94DAE70D1F97D55100B5E459 /* LaunchScreen.storyboard */ = {
			isa = PBXVariantGroup;
			children = (
				94DAE70E1F97D55100B5E459 /* Base */,
			);
			name = LaunchScreen.storyboard;
			sourceTree = "<group>";
		};
/* End PBXVariantGroup section */

/* Begin XCBuildConfiguration section */
		94DAE7271F97D55200B5E459 /* Debug */ = {
			isa = XCBuildConfiguration;
			buildSettings = {
				ALWAYS_SEARCH_USER_PATHS = NO;
				CLANG_ANALYZER_NONNULL = YES;
				CLANG_ANALYZER_NUMBER_OBJECT_CONVERSION = YES_AGGRESSIVE;
				CLANG_CXX_LANGUAGE_STANDARD = "gnu++14";
				CLANG_CXX_LIBRARY = "libc++";
				CLANG_ENABLE_MODULES = YES;
				CLANG_ENABLE_OBJC_ARC = YES;
				CLANG_WARN_BLOCK_CAPTURE_AUTORELEASING = YES;
				CLANG_WARN_BOOL_CONVERSION = YES;
				CLANG_WARN_COMMA = YES;
				CLANG_WARN_CONSTANT_CONVERSION = YES;
				CLANG_WARN_DIRECT_OBJC_ISA_USAGE = YES_ERROR;
				CLANG_WARN_DOCUMENTATION_COMMENTS = YES;
				CLANG_WARN_EMPTY_BODY = YES;
				CLANG_WARN_ENUM_CONVERSION = YES;
				CLANG_WARN_INFINITE_RECURSION = YES;
				CLANG_WARN_INT_CONVERSION = YES;
				CLANG_WARN_NON_LITERAL_NULL_CONVERSION = YES;
				CLANG_WARN_OBJC_LITERAL_CONVERSION = YES;
				CLANG_WARN_OBJC_ROOT_CLASS = YES_ERROR;
				CLANG_WARN_RANGE_LOOP_ANALYSIS = YES;
				CLANG_WARN_STRICT_PROTOTYPES = YES;
				CLANG_WARN_SUSPICIOUS_MOVE = YES;
				CLANG_WARN_UNGUARDED_AVAILABILITY = YES_AGGRESSIVE;
				CLANG_WARN_UNREACHABLE_CODE = YES;
				CLANG_WARN__DUPLICATE_METHOD_MATCH = YES;
				CODE_SIGN_IDENTITY = "iPhone Developer";
				COPY_PHASE_STRIP = NO;
				DEBUG_INFORMATION_FORMAT = dwarf;
				ENABLE_STRICT_OBJC_MSGSEND = YES;
				ENABLE_TESTABILITY = YES;
				GCC_C_LANGUAGE_STANDARD = gnu11;
				GCC_DYNAMIC_NO_PIC = NO;
				GCC_NO_COMMON_BLOCKS = YES;
				GCC_OPTIMIZATION_LEVEL = 0;
				GCC_PREPROCESSOR_DEFINITIONS = (
					"DEBUG=1",
					"$(inherited)",
				);
				GCC_WARN_64_TO_32_BIT_CONVERSION = YES;
				GCC_WARN_ABOUT_RETURN_TYPE = YES_ERROR;
				GCC_WARN_UNDECLARED_SELECTOR = YES;
				GCC_WARN_UNINITIALIZED_AUTOS = YES_AGGRESSIVE;
				GCC_WARN_UNUSED_FUNCTION = YES;
				GCC_WARN_UNUSED_VARIABLE = YES;
				IPHONEOS_DEPLOYMENT_TARGET = 11.0;
				MTL_ENABLE_DEBUG_INFO = YES;
				ONLY_ACTIVE_ARCH = YES;
				SDKROOT = iphoneos;
				SWIFT_ACTIVE_COMPILATION_CONDITIONS = DEBUG;
				SWIFT_OPTIMIZATION_LEVEL = "-Onone";
			};
			name = Debug;
		};
		94DAE7281F97D55200B5E459 /* Release */ = {
			isa = XCBuildConfiguration;
			buildSettings = {
				ALWAYS_SEARCH_USER_PATHS = NO;
				CLANG_ANALYZER_NONNULL = YES;
				CLANG_ANALYZER_NUMBER_OBJECT_CONVERSION = YES_AGGRESSIVE;
				CLANG_CXX_LANGUAGE_STANDARD = "gnu++14";
				CLANG_CXX_LIBRARY = "libc++";
				CLANG_ENABLE_MODULES = YES;
				CLANG_ENABLE_OBJC_ARC = YES;
				CLANG_WARN_BLOCK_CAPTURE_AUTORELEASING = YES;
				CLANG_WARN_BOOL_CONVERSION = YES;
				CLANG_WARN_COMMA = YES;
				CLANG_WARN_CONSTANT_CONVERSION = YES;
				CLANG_WARN_DIRECT_OBJC_ISA_USAGE = YES_ERROR;
				CLANG_WARN_DOCUMENTATION_COMMENTS = YES;
				CLANG_WARN_EMPTY_BODY = YES;
				CLANG_WARN_ENUM_CONVERSION = YES;
				CLANG_WARN_INFINITE_RECURSION = YES;
				CLANG_WARN_INT_CONVERSION = YES;
				CLANG_WARN_NON_LITERAL_NULL_CONVERSION = YES;
				CLANG_WARN_OBJC_LITERAL_CONVERSION = YES;
				CLANG_WARN_OBJC_ROOT_CLASS = YES_ERROR;
				CLANG_WARN_RANGE_LOOP_ANALYSIS = YES;
				CLANG_WARN_STRICT_PROTOTYPES = YES;
				CLANG_WARN_SUSPICIOUS_MOVE = YES;
				CLANG_WARN_UNGUARDED_AVAILABILITY = YES_AGGRESSIVE;
				CLANG_WARN_UNREACHABLE_CODE = YES;
				CLANG_WARN__DUPLICATE_METHOD_MATCH = YES;
				CODE_SIGN_IDENTITY = "iPhone Developer";
				COPY_PHASE_STRIP = NO;
				DEBUG_INFORMATION_FORMAT = "dwarf-with-dsym";
				ENABLE_NS_ASSERTIONS = NO;
				ENABLE_STRICT_OBJC_MSGSEND = YES;
				GCC_C_LANGUAGE_STANDARD = gnu11;
				GCC_NO_COMMON_BLOCKS = YES;
				GCC_WARN_64_TO_32_BIT_CONVERSION = YES;
				GCC_WARN_ABOUT_RETURN_TYPE = YES_ERROR;
				GCC_WARN_UNDECLARED_SELECTOR = YES;
				GCC_WARN_UNINITIALIZED_AUTOS = YES_AGGRESSIVE;
				GCC_WARN_UNUSED_FUNCTION = YES;
				GCC_WARN_UNUSED_VARIABLE = YES;
				IPHONEOS_DEPLOYMENT_TARGET = 11.0;
				MTL_ENABLE_DEBUG_INFO = NO;
				SDKROOT = iphoneos;
				SWIFT_OPTIMIZATION_LEVEL = "-Owholemodule";
				VALIDATE_PRODUCT = YES;
			};
			name = Release;
		};
		94DAE72A1F97D55200B5E459 /* Debug */ = {
			isa = XCBuildConfiguration;
			buildSettings = {
				ASSETCATALOG_COMPILER_APPICON_NAME = AppIcon;
				CODE_SIGN_STYLE = Automatic;
				DEVELOPMENT_TEAM = E3X4D67UFV;
				INFOPLIST_FILE = Reddit/Info.plist;
				LD_RUNPATH_SEARCH_PATHS = "$(inherited) @executable_path/Frameworks";
				PRODUCT_BUNDLE_IDENTIFIER = ThunderBuddiesInc.Reddit;
				PRODUCT_NAME = "$(TARGET_NAME)";
				SWIFT_VERSION = 4.0;
				TARGETED_DEVICE_FAMILY = "1,2";
			};
			name = Debug;
		};
		94DAE72B1F97D55200B5E459 /* Release */ = {
			isa = XCBuildConfiguration;
			buildSettings = {
				ASSETCATALOG_COMPILER_APPICON_NAME = AppIcon;
				CODE_SIGN_STYLE = Automatic;
				DEVELOPMENT_TEAM = E3X4D67UFV;
				INFOPLIST_FILE = Reddit/Info.plist;
				LD_RUNPATH_SEARCH_PATHS = "$(inherited) @executable_path/Frameworks";
				PRODUCT_BUNDLE_IDENTIFIER = ThunderBuddiesInc.Reddit;
				PRODUCT_NAME = "$(TARGET_NAME)";
				SWIFT_VERSION = 4.0;
				TARGETED_DEVICE_FAMILY = "1,2";
			};
			name = Release;
		};
		94DAE72D1F97D55200B5E459 /* Debug */ = {
			isa = XCBuildConfiguration;
			buildSettings = {
				ALWAYS_EMBED_SWIFT_STANDARD_LIBRARIES = YES;
				BUNDLE_LOADER = "$(TEST_HOST)";
				CODE_SIGN_STYLE = Automatic;
				DEVELOPMENT_TEAM = E3X4D67UFV;
				INFOPLIST_FILE = RedditTests/Info.plist;
				LD_RUNPATH_SEARCH_PATHS = "$(inherited) @executable_path/Frameworks @loader_path/Frameworks";
				PRODUCT_BUNDLE_IDENTIFIER = ThunderBuddiesInc.RedditTests;
				PRODUCT_NAME = "$(TARGET_NAME)";
				SWIFT_VERSION = 4.0;
				TARGETED_DEVICE_FAMILY = "1,2";
				TEST_HOST = "$(BUILT_PRODUCTS_DIR)/Reddit.app/Reddit";
			};
			name = Debug;
		};
		94DAE72E1F97D55200B5E459 /* Release */ = {
			isa = XCBuildConfiguration;
			buildSettings = {
				ALWAYS_EMBED_SWIFT_STANDARD_LIBRARIES = YES;
				BUNDLE_LOADER = "$(TEST_HOST)";
				CODE_SIGN_STYLE = Automatic;
				DEVELOPMENT_TEAM = E3X4D67UFV;
				INFOPLIST_FILE = RedditTests/Info.plist;
				LD_RUNPATH_SEARCH_PATHS = "$(inherited) @executable_path/Frameworks @loader_path/Frameworks";
				PRODUCT_BUNDLE_IDENTIFIER = ThunderBuddiesInc.RedditTests;
				PRODUCT_NAME = "$(TARGET_NAME)";
				SWIFT_VERSION = 4.0;
				TARGETED_DEVICE_FAMILY = "1,2";
				TEST_HOST = "$(BUILT_PRODUCTS_DIR)/Reddit.app/Reddit";
			};
			name = Release;
		};
		94DAE7301F97D55200B5E459 /* Debug */ = {
			isa = XCBuildConfiguration;
			buildSettings = {
				ALWAYS_EMBED_SWIFT_STANDARD_LIBRARIES = YES;
				CODE_SIGN_STYLE = Automatic;
				DEVELOPMENT_TEAM = E3X4D67UFV;
				INFOPLIST_FILE = RedditUITests/Info.plist;
				LD_RUNPATH_SEARCH_PATHS = "$(inherited) @executable_path/Frameworks @loader_path/Frameworks";
				PRODUCT_BUNDLE_IDENTIFIER = ThunderBuddiesInc.RedditUITests;
				PRODUCT_NAME = "$(TARGET_NAME)";
				SWIFT_VERSION = 4.0;
				TARGETED_DEVICE_FAMILY = "1,2";
				TEST_TARGET_NAME = Reddit;
			};
			name = Debug;
		};
		94DAE7311F97D55200B5E459 /* Release */ = {
			isa = XCBuildConfiguration;
			buildSettings = {
				ALWAYS_EMBED_SWIFT_STANDARD_LIBRARIES = YES;
				CODE_SIGN_STYLE = Automatic;
				DEVELOPMENT_TEAM = E3X4D67UFV;
				INFOPLIST_FILE = RedditUITests/Info.plist;
				LD_RUNPATH_SEARCH_PATHS = "$(inherited) @executable_path/Frameworks @loader_path/Frameworks";
				PRODUCT_BUNDLE_IDENTIFIER = ThunderBuddiesInc.RedditUITests;
				PRODUCT_NAME = "$(TARGET_NAME)";
				SWIFT_VERSION = 4.0;
				TARGETED_DEVICE_FAMILY = "1,2";
				TEST_TARGET_NAME = Reddit;
			};
			name = Release;
		};
/* End XCBuildConfiguration section */

/* Begin XCConfigurationList section */
		94DAE6FC1F97D55100B5E459 /* Build configuration list for PBXProject "Reddit" */ = {
			isa = XCConfigurationList;
			buildConfigurations = (
				94DAE7271F97D55200B5E459 /* Debug */,
				94DAE7281F97D55200B5E459 /* Release */,
			);
			defaultConfigurationIsVisible = 0;
			defaultConfigurationName = Release;
		};
		94DAE7291F97D55200B5E459 /* Build configuration list for PBXNativeTarget "Reddit" */ = {
			isa = XCConfigurationList;
			buildConfigurations = (
				94DAE72A1F97D55200B5E459 /* Debug */,
				94DAE72B1F97D55200B5E459 /* Release */,
			);
			defaultConfigurationIsVisible = 0;
			defaultConfigurationName = Release;
		};
		94DAE72C1F97D55200B5E459 /* Build configuration list for PBXNativeTarget "RedditTests" */ = {
			isa = XCConfigurationList;
			buildConfigurations = (
				94DAE72D1F97D55200B5E459 /* Debug */,
				94DAE72E1F97D55200B5E459 /* Release */,
			);
			defaultConfigurationIsVisible = 0;
			defaultConfigurationName = Release;
		};
		94DAE72F1F97D55200B5E459 /* Build configuration list for PBXNativeTarget "RedditUITests" */ = {
			isa = XCConfigurationList;
			buildConfigurations = (
				94DAE7301F97D55200B5E459 /* Debug */,
				94DAE7311F97D55200B5E459 /* Release */,
			);
			defaultConfigurationIsVisible = 0;
			defaultConfigurationName = Release;
		};
/* End XCConfigurationList section */
	};
	rootObject = 94DAE6F91F97D55100B5E459 /* Project object */;
}
